
Microsoft Visual Studio Solution File, Format Version 12.00
# Visual Studio 15
VisualStudioVersion = 15.0.27703.2000
MinimumVisualStudioVersion = 10.0.40219.1
Project("{FAE04EC0-301F-11D3-BF4B-00C04F79EFBC}") = "RussianRouletProject", "RussianRouletProject\RussianRouletProject.csproj", "{120DF572-EF68-446E-A6B7-072E6C7CFC87}"
EndProject
Project("{FAE04EC0-301F-11D3-BF4B-00C04F79EFBC}") = "RussianRoulretUnitTest", "RussianRoulretUnitTest\RussianRoulretUnitTest.csproj", "{A76D303A-1848-48A0-A58E-F88BAF3EB9C8}"
EndProject
Global
	GlobalSection(SolutionConfigurationPlatforms) = preSolution
		Debug|Any CPU = Debug|Any CPU
		Release|Any CPU = Release|Any CPU
	EndGlobalSection
	GlobalSection(ProjectConfigurationPlatforms) = postSolution
		{120DF572-EF68-446E-A6B7-072E6C7CFC87}.Debug|Any CPU.ActiveCfg = Debug|Any CPU
		{120DF572-EF68-446E-A6B7-072E6C7CFC87}.Debug|Any CPU.Build.0 = Debug|Any CPU
		{120DF572-EF68-446E-A6B7-072E6C7CFC87}.Release|Any CPU.ActiveCfg = Release|Any CPU
		{120DF572-EF68-446E-A6B7-072E6C7CFC87}.Release|Any CPU.Build.0 = Release|Any CPU
		{A76D303A-1848-48A0-A58E-F88BAF3EB9C8}.Debug|Any CPU.ActiveCfg = Debug|Any CPU
		{A76D303A-1848-48A0-A58E-F88BAF3EB9C8}.Debug|Any CPU.Build.0 = Debug|Any CPU
		{A76D303A-1848-48A0-A58E-F88BAF3EB9C8}.Release|Any CPU.ActiveCfg = Release|Any CPU
		{A76D303A-1848-48A0-A58E-F88BAF3EB9C8}.Release|Any CPU.Build.0 = Release|Any CPU
	EndGlobalSection
	GlobalSection(SolutionProperties) = preSolution
		HideSolutionNode = FALSE
	EndGlobalSection
	GlobalSection(ExtensibilityGlobals) = postSolution
		SolutionGuid = {F2BFF4FB-9329-4512-A314-9BF4873460E4}
	EndGlobalSection
EndGlobal
